
Microsoft Visual Studio Solution File, Format Version 12.00
# Visual Studio Version 17
VisualStudioVersion = 17.13.35818.85 d17.13
MinimumVisualStudioVersion = 10.0.40219.1
Project("{FAE04EC0-301F-11D3-BF4B-00C04F79EFBC}") = "AljabarLibraries", "AljabarLibraries\AljabarLibraries.csproj", "{B957A8A2-FE36-4C48-BD33-4D4601982623}"
EndProject
Project("{FAE04EC0-301F-11D3-BF4B-00C04F79EFBC}") = "AljabarConsole", "AljabarConsole\AljabarConsole.csproj", "{F3053C78-71E6-40AF-814C-852B66071710}"
EndProject
Global
	GlobalSection(SolutionConfigurationPlatforms) = preSolution
		Debug|Any CPU = Debug|Any CPU
		Release|Any CPU = Release|Any CPU
	EndGlobalSection
	GlobalSection(ProjectConfigurationPlatforms) = postSolution
		{B957A8A2-FE36-4C48-BD33-4D4601982623}.Debug|Any CPU.ActiveCfg = Debug|Any CPU
		{B957A8A2-FE36-4C48-BD33-4D4601982623}.Debug|Any CPU.Build.0 = Debug|Any CPU
		{B957A8A2-FE36-4C48-BD33-4D4601982623}.Release|Any CPU.ActiveCfg = Release|Any CPU
		{B957A8A2-FE36-4C48-BD33-4D4601982623}.Release|Any CPU.Build.0 = Release|Any CPU
		{F3053C78-71E6-40AF-814C-852B66071710}.Debug|Any CPU.ActiveCfg = Debug|Any CPU
		{F3053C78-71E6-40AF-814C-852B66071710}.Debug|Any CPU.Build.0 = Debug|Any CPU
		{F3053C78-71E6-40AF-814C-852B66071710}.Release|Any CPU.ActiveCfg = Release|Any CPU
		{F3053C78-71E6-40AF-814C-852B66071710}.Release|Any CPU.Build.0 = Release|Any CPU
	EndGlobalSection
	GlobalSection(SolutionProperties) = preSolution
		HideSolutionNode = FALSE
	EndGlobalSection
	GlobalSection(ExtensibilityGlobals) = postSolution
		SolutionGuid = {0341A929-B7DF-41D6-A31B-6129988EEC04}
	EndGlobalSection
EndGlobal
